--- 
dependencies: 
  highline: 
    group: 
    - :default
    version: = 1.5.0
  rspec: 
    group: 
    - :default
    version: = 1.3.0
  mocha: 
    group: 
    - :default
    version: = 0.9.8
  jeweler: 
    group: 
    - :default
    version: = 1.4.0
specs: 
- rake: 
    version: 0.8.7
- gemcutter: 
    version: 0.6.1
- git: 
    version: 1.2.5
- highline: 
    version: 1.5.0
- json_pure: 
    version: 1.4.5
- rubyforge: 
    version: 2.0.4
- jeweler: 
    version: 1.4.0
- mocha: 
    version: 0.9.8
- rspec: 
    version: 1.3.0
hash: 40aeb23090509fc8a75271888bbc9805d2856a2a
sources: 
- Rubygems: 
    uri: http://gemcutter.org
